
Microsoft Visual Studio Solution File, Format Version 12.00
# Visual Studio Version 17
VisualStudioVersion = 17.4.33213.308
MinimumVisualStudioVersion = 10.0.40219.1
Project("{FAE04EC0-301F-11D3-BF4B-00C04F79EFBC}") = "Explorer", "Explorer\Explorer.csproj", "{2B47B596-1175-4737-A127-1A8F54C847EE}"
EndProject
Global
	GlobalSection(SolutionConfigurationPlatforms) = preSolution
		Debug|Any CPU = Debug|Any CPU
		Release|Any CPU = Release|Any CPU
	EndGlobalSection
	GlobalSection(ProjectConfigurationPlatforms) = postSolution
		{2B47B596-1175-4737-A127-1A8F54C847EE}.Debug|Any CPU.ActiveCfg = Debug|Any CPU
		{2B47B596-1175-4737-A127-1A8F54C847EE}.Debug|Any CPU.Build.0 = Debug|Any CPU
		{2B47B596-1175-4737-A127-1A8F54C847EE}.Release|Any CPU.ActiveCfg = Release|Any CPU
		{2B47B596-1175-4737-A127-1A8F54C847EE}.Release|Any CPU.Build.0 = Release|Any CPU
	EndGlobalSection
	GlobalSection(SolutionProperties) = preSolution
		HideSolutionNode = FALSE
	EndGlobalSection
	GlobalSection(ExtensibilityGlobals) = postSolution
		SolutionGuid = {3CE68F3C-1246-4AAD-99C6-E15A63931F49}
	EndGlobalSection
EndGlobal
